
Microsoft Visual Studio Solution File, Format Version 12.00
# Visual Studio Version 16
VisualStudioVersion = 16.0.28902.138
MinimumVisualStudioVersion = 10.0.40219.1
Project("{9A19103F-16F7-4668-BE54-9A1E7A4F7556}") = "Phenix.Challenge.Console", "Phenix.Challenge.Console\Phenix.Challenge.Console.csproj", "{31F7157C-7748-4F98-873C-EE85A1AC1635}"
EndProject
Project("{FAE04EC0-301F-11D3-BF4B-00C04F79EFBC}") = "Phenix.Challenge.Domain.Tests", "Phenix.Challenge.Domain.Tests\Phenix.Challenge.Domain.Tests.csproj", "{B716F88F-5742-4031-A906-6AAAD9171EF1}"
EndProject
Project("{FAE04EC0-301F-11D3-BF4B-00C04F79EFBC}") = "Phenix.Challenge.Domain", "Phenix.Challenge.Domain\Phenix.Challenge.Domain.csproj", "{F70B49B9-1272-4AEA-8DCF-896E32CBD460}"
EndProject
Project("{2150E333-8FDC-42A3-9474-1A3956D46DE8}") = "Ressources", "Ressources", "{C764E2CF-F92B-4EBA-8DE2-F847A55ABCC3}"
	ProjectSection(SolutionItems) = preProject
		..\..\README.md = ..\..\README.md
	EndProjectSection
EndProject
Global
	GlobalSection(SolutionConfigurationPlatforms) = preSolution
		Debug|Any CPU = Debug|Any CPU
		Release|Any CPU = Release|Any CPU
	EndGlobalSection
	GlobalSection(ProjectConfigurationPlatforms) = postSolution
		{31F7157C-7748-4F98-873C-EE85A1AC1635}.Debug|Any CPU.ActiveCfg = Debug|Any CPU
		{31F7157C-7748-4F98-873C-EE85A1AC1635}.Debug|Any CPU.Build.0 = Debug|Any CPU
		{31F7157C-7748-4F98-873C-EE85A1AC1635}.Release|Any CPU.ActiveCfg = Release|Any CPU
		{31F7157C-7748-4F98-873C-EE85A1AC1635}.Release|Any CPU.Build.0 = Release|Any CPU
		{B716F88F-5742-4031-A906-6AAAD9171EF1}.Debug|Any CPU.ActiveCfg = Debug|Any CPU
		{B716F88F-5742-4031-A906-6AAAD9171EF1}.Debug|Any CPU.Build.0 = Debug|Any CPU
		{B716F88F-5742-4031-A906-6AAAD9171EF1}.Release|Any CPU.ActiveCfg = Release|Any CPU
		{B716F88F-5742-4031-A906-6AAAD9171EF1}.Release|Any CPU.Build.0 = Release|Any CPU
		{F70B49B9-1272-4AEA-8DCF-896E32CBD460}.Debug|Any CPU.ActiveCfg = Debug|Any CPU
		{F70B49B9-1272-4AEA-8DCF-896E32CBD460}.Debug|Any CPU.Build.0 = Debug|Any CPU
		{F70B49B9-1272-4AEA-8DCF-896E32CBD460}.Release|Any CPU.ActiveCfg = Release|Any CPU
		{F70B49B9-1272-4AEA-8DCF-896E32CBD460}.Release|Any CPU.Build.0 = Release|Any CPU
	EndGlobalSection
	GlobalSection(SolutionProperties) = preSolution
		HideSolutionNode = FALSE
	EndGlobalSection
	GlobalSection(ExtensibilityGlobals) = postSolution
		SolutionGuid = {9C0B9CBC-8029-4AD8-BBE0-D17260F9044C}
	EndGlobalSection
EndGlobal
