
Microsoft Visual Studio Solution File, Format Version 12.00
# Visual Studio Version 16
VisualStudioVersion = 16.0.28902.138
MinimumVisualStudioVersion = 10.0.40219.1
Project("{9A19103F-16F7-4668-BE54-9A1E7A4F7556}") = "Phenix.Challenge.Console", "Phenix.Challenge.Console\Phenix.Challenge.Console.csproj", "{31F7157C-7748-4F98-873C-EE85A1AC1635}"
EndProject
Project("{2150E333-8FDC-42A3-9474-1A3956D46DE8}") = "Ressources", "Ressources", "{C764E2CF-F92B-4EBA-8DE2-F847A55ABCC3}"
	ProjectSection(SolutionItems) = preProject
		..\..\README.md = ..\..\README.md
	EndProjectSection
EndProject
Project("{2150E333-8FDC-42A3-9474-1A3956D46DE8}") = "Data", "Data", "{0C875F82-13F9-4BF7-ADCF-D2752025F2C5}"
	ProjectSection(SolutionItems) = preProject
		..\..\data\reference_prod-10f2f3e6-f728-41f3-b079-43b0aa758292_20170514.data = ..\..\data\reference_prod-10f2f3e6-f728-41f3-b079-43b0aa758292_20170514.data
		..\..\data\reference_prod-29366c83-eae9-42d3-a8af-f15339830dc5_20170514.data = ..\..\data\reference_prod-29366c83-eae9-42d3-a8af-f15339830dc5_20170514.data
		..\..\data\reference_prod-2a4b6b81-5aa2-4ad8-8ba9-ae1a006e7d71_20170514.data = ..\..\data\reference_prod-2a4b6b81-5aa2-4ad8-8ba9-ae1a006e7d71_20170514.data
		..\..\data\reference_prod-6af0502b-ce7a-4a6f-b5d3-516d09514095_20170514.data = ..\..\data\reference_prod-6af0502b-ce7a-4a6f-b5d3-516d09514095_20170514.data
		..\..\data\reference_prod-72a2876c-bc8b-4f35-8882-8d661fac2606_20170514.data = ..\..\data\reference_prod-72a2876c-bc8b-4f35-8882-8d661fac2606_20170514.data
		..\..\data\reference_prod-8e588f2f-d19e-436c-952f-1cdd9f0b12b0_20170514.data = ..\..\data\reference_prod-8e588f2f-d19e-436c-952f-1cdd9f0b12b0_20170514.data
		..\..\data\reference_prod-af068240-8198-4b79-9cf9-c28c0db65f63_20170514.data = ..\..\data\reference_prod-af068240-8198-4b79-9cf9-c28c0db65f63_20170514.data
		..\..\data\reference_prod-bdc2a431-797d-4b07-9567-67c565a67b84_20170514.data = ..\..\data\reference_prod-bdc2a431-797d-4b07-9567-67c565a67b84_20170514.data
		..\..\data\reference_prod-bf0999da-ae45-49df-983e-89020198330b_20170514.data = ..\..\data\reference_prod-bf0999da-ae45-49df-983e-89020198330b_20170514.data
		..\..\data\reference_prod-d4bfbabf-0160-4e87-8688-78e0943a396a_20170514.data = ..\..\data\reference_prod-d4bfbabf-0160-4e87-8688-78e0943a396a_20170514.data
		..\..\data\reference_prod-dd43720c-be43-41b6-bc4a-ac4beabd0d9b_20170514.data = ..\..\data\reference_prod-dd43720c-be43-41b6-bc4a-ac4beabd0d9b_20170514.data
		..\..\data\reference_prod-e3d54d00-18be-45e1-b648-41147638bafe_20170514.data = ..\..\data\reference_prod-e3d54d00-18be-45e1-b648-41147638bafe_20170514.data
		..\..\data\transactions_20170514.data = ..\..\data\transactions_20170514.data
	EndProjectSection
EndProject
Project("{2150E333-8FDC-42A3-9474-1A3956D46DE8}") = "Domain", "Domain", "{8BC2A31B-B4E0-4C8B-AEB3-877DAF1314BC}"
EndProject
Project("{9A19103F-16F7-4668-BE54-9A1E7A4F7556}") = "Phenix.Challenge.Domain", "Domain\Phenix.Challenge.Domain\Phenix.Challenge.Domain.csproj", "{98427841-6291-4D26-965D-C05C93C140D8}"
EndProject
Project("{2150E333-8FDC-42A3-9474-1A3956D46DE8}") = "Tests", "Tests", "{AB016206-B120-44F2-8BE1-F255D92444D1}"
EndProject
Project("{9A19103F-16F7-4668-BE54-9A1E7A4F7556}") = "Phenix.Challenge.Domain.Tests", "Domain\Tests\Phenix.Challenge.Domain.Tests\Phenix.Challenge.Domain.Tests.csproj", "{DBB2A78C-239F-4756-BE10-E6D63DAEE98C}"
EndProject
Project("{2150E333-8FDC-42A3-9474-1A3956D46DE8}") = "Infrastructure", "Infrastructure", "{3694693B-5407-4E43-9162-3BA4CAC50E1E}"
EndProject
Project("{FAE04EC0-301F-11D3-BF4B-00C04F79EFBC}") = "Phenix.Challenge.Infrastructure", "Infrastructure\Phenix.Challenge.Infrastructure\Phenix.Challenge.Infrastructure.csproj", "{233DC5DA-DA54-4CB7-A937-D543BCC741AA}"
EndProject
Project("{2150E333-8FDC-42A3-9474-1A3956D46DE8}") = "Tests", "Tests", "{035A6BF9-1776-4613-941A-8ED0596CF758}"
EndProject
Project("{FAE04EC0-301F-11D3-BF4B-00C04F79EFBC}") = "Infrastructure.Tests", "Infrastructure\Tests\Infrastructure.Tests\Infrastructure.Tests.csproj", "{283C26DD-6BFD-4DA4-ACA2-1D2AF1D47CF5}"
EndProject
Global
	GlobalSection(SolutionConfigurationPlatforms) = preSolution
		Debug|Any CPU = Debug|Any CPU
		Release|Any CPU = Release|Any CPU
	EndGlobalSection
	GlobalSection(ProjectConfigurationPlatforms) = postSolution
		{31F7157C-7748-4F98-873C-EE85A1AC1635}.Debug|Any CPU.ActiveCfg = Debug|Any CPU
		{31F7157C-7748-4F98-873C-EE85A1AC1635}.Debug|Any CPU.Build.0 = Debug|Any CPU
		{31F7157C-7748-4F98-873C-EE85A1AC1635}.Release|Any CPU.ActiveCfg = Release|Any CPU
		{31F7157C-7748-4F98-873C-EE85A1AC1635}.Release|Any CPU.Build.0 = Release|Any CPU
		{98427841-6291-4D26-965D-C05C93C140D8}.Debug|Any CPU.ActiveCfg = Debug|Any CPU
		{98427841-6291-4D26-965D-C05C93C140D8}.Debug|Any CPU.Build.0 = Debug|Any CPU
		{98427841-6291-4D26-965D-C05C93C140D8}.Release|Any CPU.ActiveCfg = Release|Any CPU
		{98427841-6291-4D26-965D-C05C93C140D8}.Release|Any CPU.Build.0 = Release|Any CPU
		{DBB2A78C-239F-4756-BE10-E6D63DAEE98C}.Debug|Any CPU.ActiveCfg = Debug|Any CPU
		{DBB2A78C-239F-4756-BE10-E6D63DAEE98C}.Debug|Any CPU.Build.0 = Debug|Any CPU
		{DBB2A78C-239F-4756-BE10-E6D63DAEE98C}.Release|Any CPU.ActiveCfg = Release|Any CPU
		{DBB2A78C-239F-4756-BE10-E6D63DAEE98C}.Release|Any CPU.Build.0 = Release|Any CPU
		{233DC5DA-DA54-4CB7-A937-D543BCC741AA}.Debug|Any CPU.ActiveCfg = Debug|Any CPU
		{233DC5DA-DA54-4CB7-A937-D543BCC741AA}.Debug|Any CPU.Build.0 = Debug|Any CPU
		{233DC5DA-DA54-4CB7-A937-D543BCC741AA}.Release|Any CPU.ActiveCfg = Release|Any CPU
		{233DC5DA-DA54-4CB7-A937-D543BCC741AA}.Release|Any CPU.Build.0 = Release|Any CPU
		{283C26DD-6BFD-4DA4-ACA2-1D2AF1D47CF5}.Debug|Any CPU.ActiveCfg = Debug|Any CPU
		{283C26DD-6BFD-4DA4-ACA2-1D2AF1D47CF5}.Debug|Any CPU.Build.0 = Debug|Any CPU
		{283C26DD-6BFD-4DA4-ACA2-1D2AF1D47CF5}.Release|Any CPU.ActiveCfg = Release|Any CPU
		{283C26DD-6BFD-4DA4-ACA2-1D2AF1D47CF5}.Release|Any CPU.Build.0 = Release|Any CPU
	EndGlobalSection
	GlobalSection(SolutionProperties) = preSolution
		HideSolutionNode = FALSE
	EndGlobalSection
	GlobalSection(NestedProjects) = preSolution
		{0C875F82-13F9-4BF7-ADCF-D2752025F2C5} = {C764E2CF-F92B-4EBA-8DE2-F847A55ABCC3}
		{98427841-6291-4D26-965D-C05C93C140D8} = {8BC2A31B-B4E0-4C8B-AEB3-877DAF1314BC}
		{AB016206-B120-44F2-8BE1-F255D92444D1} = {8BC2A31B-B4E0-4C8B-AEB3-877DAF1314BC}
		{DBB2A78C-239F-4756-BE10-E6D63DAEE98C} = {AB016206-B120-44F2-8BE1-F255D92444D1}
		{233DC5DA-DA54-4CB7-A937-D543BCC741AA} = {3694693B-5407-4E43-9162-3BA4CAC50E1E}
		{035A6BF9-1776-4613-941A-8ED0596CF758} = {3694693B-5407-4E43-9162-3BA4CAC50E1E}
		{283C26DD-6BFD-4DA4-ACA2-1D2AF1D47CF5} = {035A6BF9-1776-4613-941A-8ED0596CF758}
	EndGlobalSection
	GlobalSection(ExtensibilityGlobals) = postSolution
		SolutionGuid = {9C0B9CBC-8029-4AD8-BBE0-D17260F9044C}
	EndGlobalSection
EndGlobal
